<?xml version="1.0" encoding="utf-8"?>
<Project ToolsVersion="4.0" xmlns="http://schemas.microsoft.com/developer/msbuild/2003">
  <ItemGroup>
    <Filter Include="资源文件">
      <UniqueIdentifier>{67DA6AB6-F800-4c08-8B7A-83BB121AAD01}</UniqueIdentifier>
      <Extensions>rc;ico;cur;bmp;dlg;rc2;rct;bin;rgs;gif;jpg;jpeg;jpe;resx;tiff;tif;png;wav;mfcribbon-ms</Extensions>
    </Filter>
    <Filter Include="include">
      <UniqueIdentifier>{93995380-89BD-4b04-88EB-625FBE52EBFB}</UniqueIdentifier>
      <Extensions>h;hh;hpp;hxx;hm;inl;inc;ipp;xsd</Extensions>
    </Filter>
    <Filter Include="include\messagereport">
      <UniqueIdentifier>{1d2859da-9317-4d48-b12a-9faeb13f02fc}</UniqueIdentifier>
    </Filter>
    <Filter Include="include\generalpurposetype">
      <UniqueIdentifier>{aada2ca8-f1ff-4ca3-bfd3-590f30320790}</UniqueIdentifier>
    </Filter>
    <Filter Include="include\renderableentity">
      <UniqueIdentifier>{ae075a69-aa8e-4c1d-9908-83c37810aa09}</UniqueIdentifier>
    </Filter>
    <Filter Include="include\texture">
      <UniqueIdentifier>{94d84e52-108f-4eb4-b53c-eb9d5e903b4f}</UniqueIdentifier>
    </Filter>
    <Filter Include="include\texture\stb_image">
      <UniqueIdentifier>{63992c5f-c449-456e-9428-9217299cce99}</UniqueIdentifier>
    </Filter>
    <Filter Include="include\physicaleffect">
      <UniqueIdentifier>{59ff3d47-1f20-48d6-b3f6-d2ef338d3828}</UniqueIdentifier>
    </Filter>
    <Filter Include="include\usercontrolinterface">
      <UniqueIdentifier>{a09b3514-9839-4db7-9679-5ac3a40f8914}</UniqueIdentifier>
    </Filter>
    <Filter Include="include\eventtrigger">
      <UniqueIdentifier>{4f002e6c-1cc4-4b1d-b35c-e1f146ad7928}</UniqueIdentifier>
    </Filter>
    <Filter Include="src">
      <UniqueIdentifier>{4FC737F1-C7A5-4376-A066-2A32D752A2FF}</UniqueIdentifier>
      <Extensions>cpp;c;cc;cxx;def;odl;idl;hpj;bat;asm;asmx</Extensions>
    </Filter>
    <Filter Include="src\texture">
      <UniqueIdentifier>{dff7e19d-e0e9-4ad5-95ff-892515c49255}</UniqueIdentifier>
    </Filter>
  </ItemGroup>
  <ItemGroup>
    <ClInclude Include="include\messagereport\messagereport_intfc.hpp">
      <Filter>include\messagereport</Filter>
    </ClInclude>
    <ClInclude Include="include\generalpurposetype\generalpurposetype.hpp">
      <Filter>include\generalpurposetype</Filter>
    </ClInclude>
    <ClInclude Include="include\renderableentity\renderableentity_intfc.hpp">
      <Filter>include\renderableentity</Filter>
    </ClInclude>
    <ClInclude Include="include\texture\stb_image\stb_image.h">
      <Filter>include\texture\stb_image</Filter>
    </ClInclude>
    <ClInclude Include="include\texture\texturemanager_intfc.hpp">
      <Filter>include\texture</Filter>
    </ClInclude>
    <ClInclude Include="include\renderableentity\renderableentitycontrol_intfc.hpp">
      <Filter>include\renderableentity</Filter>
    </ClInclude>
    <ClInclude Include="include\renderableentity\renderableentitydraw_intfc.hpp">
      <Filter>include\renderableentity</Filter>
    </ClInclude>
    <ClInclude Include="include\renderableentity\renderableentitymanager_intfc.hpp">
      <Filter>include\renderableentity</Filter>
    </ClInclude>
    <ClInclude Include="include\texture\textureanimation_intfc.hpp">
      <Filter>include\texture</Filter>
    </ClInclude>
    <ClInclude Include="include\physicaleffect\physicaleffect_intfc.hpp">
      <Filter>include\physicaleffect</Filter>
    </ClInclude>
    <ClInclude Include="include\physicaleffect\physicaleffectmanager_intfc.hpp">
      <Filter>include\physicaleffect</Filter>
    </ClInclude>
    <ClInclude Include="include\usercontrolinterface\usercontrolkeyboard_intfc.hpp">
      <Filter>include\usercontrolinterface</Filter>
    </ClInclude>
    <ClInclude Include="include\eventtrigger\eventtrigger_intfc.hpp">
      <Filter>include\eventtrigger</Filter>
    </ClInclude>
    <ClInclude Include="include\renderableentity\renderableentitygenerate_intfc.hpp">
      <Filter>include\renderableentity</Filter>
    </ClInclude>
    <ClInclude Include="include\texture\texturemanager.hpp">
      <Filter>include\texture</Filter>
    </ClInclude>
  </ItemGroup>
  <ItemGroup>
    <ClCompile Include="src\texture\texturemanager.cpp">
      <Filter>src\texture</Filter>
    </ClCompile>
  </ItemGroup>
</Project>